
Microsoft Visual Studio Solution File, Format Version 12.00
# Visual Studio Version 16
VisualStudioVersion = 16.0.29519.87
MinimumVisualStudioVersion = 10.0.40219.1
Project("{FAE04EC0-301F-11D3-BF4B-00C04F79EFBC}") = "AviaSales", "AviaTravel\AviaSales.csproj", "{22861DFF-C9D4-473C-8797-CE2D263AC868}"
EndProject
Global
	GlobalSection(SolutionConfigurationPlatforms) = preSolution
		Debug|Any CPU = Debug|Any CPU
		Release|Any CPU = Release|Any CPU
	EndGlobalSection
	GlobalSection(ProjectConfigurationPlatforms) = postSolution
		{22861DFF-C9D4-473C-8797-CE2D263AC868}.Debug|Any CPU.ActiveCfg = Debug|Any CPU
		{22861DFF-C9D4-473C-8797-CE2D263AC868}.Debug|Any CPU.Build.0 = Debug|Any CPU
		{22861DFF-C9D4-473C-8797-CE2D263AC868}.Release|Any CPU.ActiveCfg = Release|Any CPU
		{22861DFF-C9D4-473C-8797-CE2D263AC868}.Release|Any CPU.Build.0 = Release|Any CPU
	EndGlobalSection
	GlobalSection(SolutionProperties) = preSolution
		HideSolutionNode = FALSE
	EndGlobalSection
	GlobalSection(ExtensibilityGlobals) = postSolution
		SolutionGuid = {3F6F68EC-93C6-4625-B55B-0350B3820FB5}
	EndGlobalSection
EndGlobal
